// !$*UTF8*$!
{
	archiveVersion = 1;
	classes = {
	};
	objectVersion = 50;
	objects = {

/* Begin PBXBuildFile section */
		18920C4C271C3CE500543C01 /* Data.swift in Sources */ = {isa = PBXBuildFile; fileRef = 18920C4B271C3CE500543C01 /* Data.swift */; };
		18920C51271C3DD200543C01 /* Country.swift in Sources */ = {isa = PBXBuildFile; fileRef = 18920C50271C3DD200543C01 /* Country.swift */; };
		18F87107256A7BF9003910DF /* Guess_FlagApp.swift in Sources */ = {isa = PBXBuildFile; fileRef = 18F87106256A7BF9003910DF /* Guess_FlagApp.swift */; };
		18F87109256A7BF9003910DF /* ContentView.swift in Sources */ = {isa = PBXBuildFile; fileRef = 18F87108256A7BF9003910DF /* ContentView.swift */; };
		18F8710B256A7BFA003910DF /* Assets.xcassets in Resources */ = {isa = PBXBuildFile; fileRef = 18F8710A256A7BFA003910DF /* Assets.xcassets */; };
		18F8710E256A7BFA003910DF /* Preview Assets.xcassets in Resources */ = {isa = PBXBuildFile; fileRef = 18F8710D256A7BFA003910DF /* Preview Assets.xcassets */; };
/* End PBXBuildFile section */

/* Begin PBXFileReference section */
		18920C4B271C3CE500543C01 /* Data.swift */ = {isa = PBXFileReference; lastKnownFileType = sourcecode.swift; path = Data.swift; sourceTree = "<group>"; };
		18920C50271C3DD200543C01 /* Country.swift */ = {isa = PBXFileReference; lastKnownFileType = sourcecode.swift; path = Country.swift; sourceTree = "<group>"; };
		18F87103256A7BF9003910DF /* Guess Flag.app */ = {isa = PBXFileReference; explicitFileType = wrapper.application; includeInIndex = 0; path = "Guess Flag.app"; sourceTree = BUILT_PRODUCTS_DIR; };
		18F87106256A7BF9003910DF /* Guess_FlagApp.swift */ = {isa = PBXFileReference; lastKnownFileType = sourcecode.swift; path = Guess_FlagApp.swift; sourceTree = "<group>"; };
		18F87108256A7BF9003910DF /* ContentView.swift */ = {isa = PBXFileReference; lastKnownFileType = sourcecode.swift; path = ContentView.swift; sourceTree = "<group>"; };
		18F8710A256A7BFA003910DF /* Assets.xcassets */ = {isa = PBXFileReference; lastKnownFileType = folder.assetcatalog; path = Assets.xcassets; sourceTree = "<group>"; };
		18F8710D256A7BFA003910DF /* Preview Assets.xcassets */ = {isa = PBXFileReference; lastKnownFileType = folder.assetcatalog; path = "Preview Assets.xcassets"; sourceTree = "<group>"; };
		18F8710F256A7BFA003910DF /* Info.plist */ = {isa = PBXFileReference; lastKnownFileType = text.plist.xml; path = Info.plist; sourceTree = "<group>"; };
/* End PBXFileReference section */

/* Begin PBXFrameworksBuildPhase section */
		18F87100256A7BF9003910DF /* Frameworks */ = {
			isa = PBXFrameworksBuildPhase;
			buildActionMask = 2147483647;
			files = (
			);
			runOnlyForDeploymentPostprocessing = 0;
		};
/* End PBXFrameworksBuildPhase section */

/* Begin PBXGroup section */
		18920C4D271C3D5F00543C01 /* Models */ = {
			isa = PBXGroup;
			children = (
				18920C50271C3DD200543C01 /* Country.swift */,
			);
			path = Models;
			sourceTree = "<group>";
		};
		18920C4E271C3D6900543C01 /* View Models */ = {
			isa = PBXGroup;
			children = (
			);
			path = "View Models";
			sourceTree = "<group>";
		};
		18920C4F271C3D8000543C01 /* Views */ = {
			isa = PBXGroup;
			children = (
				18F87108256A7BF9003910DF /* ContentView.swift */,
			);
			path = Views;
			sourceTree = "<group>";
		};
		18F870FA256A7BF9003910DF = {
			isa = PBXGroup;
			children = (
				18F87105256A7BF9003910DF /* Guess Flag */,
				18F87104256A7BF9003910DF /* Products */,
			);
			sourceTree = "<group>";
		};
		18F87104256A7BF9003910DF /* Products */ = {
			isa = PBXGroup;
			children = (
				18F87103256A7BF9003910DF /* Guess Flag.app */,
			);
			name = Products;
			sourceTree = "<group>";
		};
		18F87105256A7BF9003910DF /* Guess Flag */ = {
			isa = PBXGroup;
			children = (
				18F87106256A7BF9003910DF /* Guess_FlagApp.swift */,
				18920C4D271C3D5F00543C01 /* Models */,
				18920C4F271C3D8000543C01 /* Views */,
				18920C4E271C3D6900543C01 /* View Models */,
				18F8710A256A7BFA003910DF /* Assets.xcassets */,
				18F8710F256A7BFA003910DF /* Info.plist */,
				18F8710C256A7BFA003910DF /* Preview Content */,
				18920C4B271C3CE500543C01 /* Data.swift */,
			);
			path = "Guess Flag";
			sourceTree = "<group>";
		};
		18F8710C256A7BFA003910DF /* Preview Content */ = {
			isa = PBXGroup;
			children = (
				18F8710D256A7BFA003910DF /* Preview Assets.xcassets */,
			);
			path = "Preview Content";
			sourceTree = "<group>";
		};
/* End PBXGroup section */

/* Begin PBXNativeTarget section */
		18F87102256A7BF9003910DF /* Guess Flag */ = {
			isa = PBXNativeTarget;
			buildConfigurationList = 18F87112256A7BFA003910DF /* Build configuration list for PBXNativeTarget "Guess Flag" */;
			buildPhases = (
				18F870FF256A7BF9003910DF /* Sources */,
				18F87100256A7BF9003910DF /* Frameworks */,
				18F87101256A7BF9003910DF /* Resources */,
			);
			buildRules = (
			);
			dependencies = (
			);
			name = "Guess Flag";
			productName = "Guess Flag";
			productReference = 18F87103256A7BF9003910DF /* Guess Flag.app */;
			productType = "com.apple.product-type.application";
		};
/* End PBXNativeTarget section */

/* Begin PBXProject section */
		18F870FB256A7BF9003910DF /* Project object */ = {
			isa = PBXProject;
			attributes = {
				LastSwiftUpdateCheck = 1220;
				LastUpgradeCheck = 1220;
				TargetAttributes = {
					18F87102256A7BF9003910DF = {
						CreatedOnToolsVersion = 12.2;
					};
				};
			};
			buildConfigurationList = 18F870FE256A7BF9003910DF /* Build configuration list for PBXProject "Guess Flag" */;
			compatibilityVersion = "Xcode 9.3";
			developmentRegion = en;
			hasScannedForEncodings = 0;
			knownRegions = (
				en,
				Base,
			);
			mainGroup = 18F870FA256A7BF9003910DF;
			productRefGroup = 18F87104256A7BF9003910DF /* Products */;
			projectDirPath = "";
			projectRoot = "";
			targets = (
				18F87102256A7BF9003910DF /* Guess Flag */,
			);
		};
/* End PBXProject section */

/* Begin PBXResourcesBuildPhase section */
		18F87101256A7BF9003910DF /* Resources */ = {
			isa = PBXResourcesBuildPhase;
			buildActionMask = 2147483647;
			files = (
				18F8710E256A7BFA003910DF /* Preview Assets.xcassets in Resources */,
				18F8710B256A7BFA003910DF /* Assets.xcassets in Resources */,
			);
			runOnlyForDeploymentPostprocessing = 0;
		};
/* End PBXResourcesBuildPhase section */

/* Begin PBXSourcesBuildPhase section */
		18F870FF256A7BF9003910DF /* Sources */ = {
			isa = PBXSourcesBuildPhase;
			buildActionMask = 2147483647;
			files = (
				18920C51271C3DD200543C01 /* Country.swift in Sources */,
				18F87109256A7BF9003910DF /* ContentView.swift in Sources */,
				18920C4C271C3CE500543C01 /* Data.swift in Sources */,
				18F87107256A7BF9003910DF /* Guess_FlagApp.swift in Sources */,
			);
			runOnlyForDeploymentPostprocessing = 0;
		};
/* End PBXSourcesBuildPhase section */

/* Begin XCBuildConfiguration section */
		18F87110256A7BFA003910DF /* Debug */ = {
			isa = XCBuildConfiguration;
			buildSettings = {
				ALWAYS_SEARCH_USER_PATHS = NO;
				CLANG_ANALYZER_NONNULL = YES;
				CLANG_ANALYZER_NUMBER_OBJECT_CONVERSION = YES_AGGRESSIVE;
				CLANG_CXX_LANGUAGE_STANDARD = "gnu++14";
				CLANG_CXX_LIBRARY = "libc++";
				CLANG_ENABLE_MODULES = YES;
				CLANG_ENABLE_OBJC_ARC = YES;
				CLANG_ENABLE_OBJC_WEAK = YES;
				CLANG_WARN_BLOCK_CAPTURE_AUTORELEASING = YES;
				CLANG_WARN_BOOL_CONVERSION = YES;
				CLANG_WARN_COMMA = YES;
				CLANG_WARN_CONSTANT_CONVERSION = YES;
				CLANG_WARN_DEPRECATED_OBJC_IMPLEMENTATIONS = YES;
				CLANG_WARN_DIRECT_OBJC_ISA_USAGE = YES_ERROR;
				CLANG_WARN_DOCUMENTATION_COMMENTS = YES;
				CLANG_WARN_EMPTY_BODY = YES;
				CLANG_WARN_ENUM_CONVERSION = YES;
				CLANG_WARN_INFINITE_RECURSION = YES;
				CLANG_WARN_INT_CONVERSION = YES;
				CLANG_WARN_NON_LITERAL_NULL_CONVERSION = YES;
				CLANG_WARN_OBJC_IMPLICIT_RETAIN_SELF = YES;
				CLANG_WARN_OBJC_LITERAL_CONVERSION = YES;
				CLANG_WARN_OBJC_ROOT_CLASS = YES_ERROR;
				CLANG_WARN_QUOTED_INCLUDE_IN_FRAMEWORK_HEADER = YES;
				CLANG_WARN_RANGE_LOOP_ANALYSIS = YES;
				CLANG_WARN_STRICT_PROTOTYPES = YES;
				CLANG_WARN_SUSPICIOUS_MOVE = YES;
				CLANG_WARN_UNGUARDED_AVAILABILITY = YES_AGGRESSIVE;
				CLANG_WARN_UNREACHABLE_CODE = YES;
				CLANG_WARN__DUPLICATE_METHOD_MATCH = YES;
				COPY_PHASE_STRIP = NO;
				DEBUG_INFORMATION_FORMAT = dwarf;
				ENABLE_STRICT_OBJC_MSGSEND = YES;
				ENABLE_TESTABILITY = YES;
				GCC_C_LANGUAGE_STANDARD = gnu11;
				GCC_DYNAMIC_NO_PIC = NO;
				GCC_NO_COMMON_BLOCKS = YES;
				GCC_OPTIMIZATION_LEVEL = 0;
				GCC_PREPROCESSOR_DEFINITIONS = (
					"DEBUG=1",
					"$(inherited)",
				);
				GCC_WARN_64_TO_32_BIT_CONVERSION = YES;
				GCC_WARN_ABOUT_RETURN_TYPE = YES_ERROR;
				GCC_WARN_UNDECLARED_SELECTOR = YES;
				GCC_WARN_UNINITIALIZED_AUTOS = YES_AGGRESSIVE;
				GCC_WARN_UNUSED_FUNCTION = YES;
				GCC_WARN_UNUSED_VARIABLE = YES;
				IPHONEOS_DEPLOYMENT_TARGET = 14.2;
				MTL_ENABLE_DEBUG_INFO = INCLUDE_SOURCE;
				MTL_FAST_MATH = YES;
				ONLY_ACTIVE_ARCH = YES;
				SDKROOT = iphoneos;
				SWIFT_ACTIVE_COMPILATION_CONDITIONS = DEBUG;
				SWIFT_OPTIMIZATION_LEVEL = "-Onone";
			};
			name = Debug;
		};
		18F87111256A7BFA003910DF /* Release */ = {
			isa = XCBuildConfiguration;
			buildSettings = {
				ALWAYS_SEARCH_USER_PATHS = NO;
				CLANG_ANALYZER_NONNULL = YES;
				CLANG_ANALYZER_NUMBER_OBJECT_CONVERSION = YES_AGGRESSIVE;
				CLANG_CXX_LANGUAGE_STANDARD = "gnu++14";
				CLANG_CXX_LIBRARY = "libc++";
				CLANG_ENABLE_MODULES = YES;
				CLANG_ENABLE_OBJC_ARC = YES;
				CLANG_ENABLE_OBJC_WEAK = YES;
				CLANG_WARN_BLOCK_CAPTURE_AUTORELEASING = YES;
				CLANG_WARN_BOOL_CONVERSION = YES;
				CLANG_WARN_COMMA = YES;
				CLANG_WARN_CONSTANT_CONVERSION = YES;
				CLANG_WARN_DEPRECATED_OBJC_IMPLEMENTATIONS = YES;
				CLANG_WARN_DIRECT_OBJC_ISA_USAGE = YES_ERROR;
				CLANG_WARN_DOCUMENTATION_COMMENTS = YES;
				CLANG_WARN_EMPTY_BODY = YES;
				CLANG_WARN_ENUM_CONVERSION = YES;
				CLANG_WARN_INFINITE_RECURSION = YES;
				CLANG_WARN_INT_CONVERSION = YES;
				CLANG_WARN_NON_LITERAL_NULL_CONVERSION = YES;
				CLANG_WARN_OBJC_IMPLICIT_RETAIN_SELF = YES;
				CLANG_WARN_OBJC_LITERAL_CONVERSION = YES;
				CLANG_WARN_OBJC_ROOT_CLASS = YES_ERROR;
				CLANG_WARN_QUOTED_INCLUDE_IN_FRAMEWORK_HEADER = YES;
				CLANG_WARN_RANGE_LOOP_ANALYSIS = YES;
				CLANG_WARN_STRICT_PROTOTYPES = YES;
				CLANG_WARN_SUSPICIOUS_MOVE = YES;
				CLANG_WARN_UNGUARDED_AVAILABILITY = YES_AGGRESSIVE;
				CLANG_WARN_UNREACHABLE_CODE = YES;
				CLANG_WARN__DUPLICATE_METHOD_MATCH = YES;
				COPY_PHASE_STRIP = NO;
				DEBUG_INFORMATION_FORMAT = "dwarf-with-dsym";
				ENABLE_NS_ASSERTIONS = NO;
				ENABLE_STRICT_OBJC_MSGSEND = YES;
				GCC_C_LANGUAGE_STANDARD = gnu11;
				GCC_NO_COMMON_BLOCKS = YES;
				GCC_WARN_64_TO_32_BIT_CONVERSION = YES;
				GCC_WARN_ABOUT_RETURN_TYPE = YES_ERROR;
				GCC_WARN_UNDECLARED_SELECTOR = YES;
				GCC_WARN_UNINITIALIZED_AUTOS = YES_AGGRESSIVE;
				GCC_WARN_UNUSED_FUNCTION = YES;
				GCC_WARN_UNUSED_VARIABLE = YES;
				IPHONEOS_DEPLOYMENT_TARGET = 14.2;
				MTL_ENABLE_DEBUG_INFO = NO;
				MTL_FAST_MATH = YES;
				SDKROOT = iphoneos;
				SWIFT_COMPILATION_MODE = wholemodule;
				SWIFT_OPTIMIZATION_LEVEL = "-O";
				VALIDATE_PRODUCT = YES;
			};
			name = Release;
		};
		18F87113256A7BFA003910DF /* Debug */ = {
			isa = XCBuildConfiguration;
			buildSettings = {
				ASSETCATALOG_COMPILER_APPICON_NAME = AppIcon;
				ASSETCATALOG_COMPILER_GLOBAL_ACCENT_COLOR_NAME = AccentColor;
				CODE_SIGN_STYLE = Automatic;
				DEVELOPMENT_ASSET_PATHS = "\"Guess Flag/Preview Content\"";
				DEVELOPMENT_TEAM = 82K782Z22H;
				ENABLE_PREVIEWS = YES;
				INFOPLIST_FILE = "Guess Flag/Info.plist";
				IPHONEOS_DEPLOYMENT_TARGET = 14.0;
				LD_RUNPATH_SEARCH_PATHS = (
					"$(inherited)",
					"@executable_path/Frameworks",
				);
				PRODUCT_BUNDLE_IDENTIFIER = "Minasov-inc.Guess-Flag";
				PRODUCT_NAME = "$(TARGET_NAME)";
				SWIFT_VERSION = 5.0;
				TARGETED_DEVICE_FAMILY = "1,2";
			};
			name = Debug;
		};
		18F87114256A7BFA003910DF /* Release */ = {
			isa = XCBuildConfiguration;
			buildSettings = {
				ASSETCATALOG_COMPILER_APPICON_NAME = AppIcon;
				ASSETCATALOG_COMPILER_GLOBAL_ACCENT_COLOR_NAME = AccentColor;
				CODE_SIGN_STYLE = Automatic;
				DEVELOPMENT_ASSET_PATHS = "\"Guess Flag/Preview Content\"";
				DEVELOPMENT_TEAM = 82K782Z22H;
				ENABLE_PREVIEWS = YES;
				INFOPLIST_FILE = "Guess Flag/Info.plist";
				IPHONEOS_DEPLOYMENT_TARGET = 14.0;
				LD_RUNPATH_SEARCH_PATHS = (
					"$(inherited)",
					"@executable_path/Frameworks",
				);
				PRODUCT_BUNDLE_IDENTIFIER = "Minasov-inc.Guess-Flag";
				PRODUCT_NAME = "$(TARGET_NAME)";
				SWIFT_VERSION = 5.0;
				TARGETED_DEVICE_FAMILY = "1,2";
			};
			name = Release;
		};
/* End XCBuildConfiguration section */

/* Begin XCConfigurationList section */
		18F870FE256A7BF9003910DF /* Build configuration list for PBXProject "Guess Flag" */ = {
			isa = XCConfigurationList;
			buildConfigurations = (
				18F87110256A7BFA003910DF /* Debug */,
				18F87111256A7BFA003910DF /* Release */,
			);
			defaultConfigurationIsVisible = 0;
			defaultConfigurationName = Release;
		};
		18F87112256A7BFA003910DF /* Build configuration list for PBXNativeTarget "Guess Flag" */ = {
			isa = XCConfigurationList;
			buildConfigurations = (
				18F87113256A7BFA003910DF /* Debug */,
				18F87114256A7BFA003910DF /* Release */,
			);
			defaultConfigurationIsVisible = 0;
			defaultConfigurationName = Release;
		};
/* End XCConfigurationList section */
	};
	rootObject = 18F870FB256A7BF9003910DF /* Project object */;
}
